
Microsoft Visual Studio Solution File, Format Version 12.00
# Visual Studio Version 17
VisualStudioVersion = 17.5.002.0
MinimumVisualStudioVersion = 10.0.40219.1
Project("{9A19103F-16F7-4668-BE54-9A1E7A4F7556}") = "FluentBuilderWithGenerics", "FluentBuilderWithGenerics.csproj", "{24BC666B-522F-489B-9B6D-85A9DEA8FAD4}"
EndProject
Global
	GlobalSection(SolutionConfigurationPlatforms) = preSolution
		Debug|Any CPU = Debug|Any CPU
		Release|Any CPU = Release|Any CPU
	EndGlobalSection
	GlobalSection(ProjectConfigurationPlatforms) = postSolution
		{24BC666B-522F-489B-9B6D-85A9DEA8FAD4}.Debug|Any CPU.ActiveCfg = Debug|Any CPU
		{24BC666B-522F-489B-9B6D-85A9DEA8FAD4}.Debug|Any CPU.Build.0 = Debug|Any CPU
		{24BC666B-522F-489B-9B6D-85A9DEA8FAD4}.Release|Any CPU.ActiveCfg = Release|Any CPU
		{24BC666B-522F-489B-9B6D-85A9DEA8FAD4}.Release|Any CPU.Build.0 = Release|Any CPU
	EndGlobalSection
	GlobalSection(SolutionProperties) = preSolution
		HideSolutionNode = FALSE
	EndGlobalSection
	GlobalSection(ExtensibilityGlobals) = postSolution
		SolutionGuid = {608298FF-F80B-403F-91FB-64081A377984}
	EndGlobalSection
EndGlobal
